
Microsoft Visual Studio Solution File, Format Version 12.00
# Visual Studio Version 16
VisualStudioVersion = 16.0.30114.105
MinimumVisualStudioVersion = 10.0.40219.1
Project("{FAE04EC0-301F-11D3-BF4B-00C04F79EFBC}") = "blazorapp", "blazorapp\blazorapp.csproj", "{CFAE1D5C-5472-4512-95C2-CD275DD4A084}"
EndProject
Project("{FAE04EC0-301F-11D3-BF4B-00C04F79EFBC}") = "blazortest", "blazortest\blazortest.csproj", "{964F88AB-68CA-4EC8-81A8-656F4DF7A29D}"
EndProject
Global
	GlobalSection(SolutionConfigurationPlatforms) = preSolution
		Debug|Any CPU = Debug|Any CPU
		Release|Any CPU = Release|Any CPU
	EndGlobalSection
	GlobalSection(SolutionProperties) = preSolution
		HideSolutionNode = FALSE
	EndGlobalSection
	GlobalSection(ProjectConfigurationPlatforms) = postSolution
		{CFAE1D5C-5472-4512-95C2-CD275DD4A084}.Debug|Any CPU.ActiveCfg = Debug|Any CPU
		{CFAE1D5C-5472-4512-95C2-CD275DD4A084}.Debug|Any CPU.Build.0 = Debug|Any CPU
		{CFAE1D5C-5472-4512-95C2-CD275DD4A084}.Release|Any CPU.ActiveCfg = Release|Any CPU
		{CFAE1D5C-5472-4512-95C2-CD275DD4A084}.Release|Any CPU.Build.0 = Release|Any CPU
		{964F88AB-68CA-4EC8-81A8-656F4DF7A29D}.Debug|Any CPU.ActiveCfg = Debug|Any CPU
		{964F88AB-68CA-4EC8-81A8-656F4DF7A29D}.Debug|Any CPU.Build.0 = Debug|Any CPU
		{964F88AB-68CA-4EC8-81A8-656F4DF7A29D}.Release|Any CPU.ActiveCfg = Release|Any CPU
		{964F88AB-68CA-4EC8-81A8-656F4DF7A29D}.Release|Any CPU.Build.0 = Release|Any CPU
	EndGlobalSection
EndGlobal
